
Microsoft Visual Studio Solution File, Format Version 12.00
# Visual Studio Version 16
VisualStudioVersion = 16.0.30611.23
MinimumVisualStudioVersion = 10.0.40219.1
Project("{FAE04EC0-301F-11D3-BF4B-00C04F79EFBC}") = "WebAPIBasic", "WebAPIBasic\WebAPIBasic.csproj", "{7BF55F95-31CB-41C9-8233-25281AD6A02B}"
EndProject
Project("{FAE04EC0-301F-11D3-BF4B-00C04F79EFBC}") = "EnumTest", "EnumTest\EnumTest\EnumTest.csproj", "{79E0345F-D750-4B51-88D6-9056BB0B85D1}"
EndProject
Global
	GlobalSection(SolutionConfigurationPlatforms) = preSolution
		Debug|Any CPU = Debug|Any CPU
		Release|Any CPU = Release|Any CPU
	EndGlobalSection
	GlobalSection(ProjectConfigurationPlatforms) = postSolution
		{7BF55F95-31CB-41C9-8233-25281AD6A02B}.Debug|Any CPU.ActiveCfg = Debug|Any CPU
		{7BF55F95-31CB-41C9-8233-25281AD6A02B}.Debug|Any CPU.Build.0 = Debug|Any CPU
		{7BF55F95-31CB-41C9-8233-25281AD6A02B}.Release|Any CPU.ActiveCfg = Release|Any CPU
		{7BF55F95-31CB-41C9-8233-25281AD6A02B}.Release|Any CPU.Build.0 = Release|Any CPU
		{79E0345F-D750-4B51-88D6-9056BB0B85D1}.Debug|Any CPU.ActiveCfg = Debug|Any CPU
		{79E0345F-D750-4B51-88D6-9056BB0B85D1}.Debug|Any CPU.Build.0 = Debug|Any CPU
		{79E0345F-D750-4B51-88D6-9056BB0B85D1}.Release|Any CPU.ActiveCfg = Release|Any CPU
		{79E0345F-D750-4B51-88D6-9056BB0B85D1}.Release|Any CPU.Build.0 = Release|Any CPU
	EndGlobalSection
	GlobalSection(SolutionProperties) = preSolution
		HideSolutionNode = FALSE
	EndGlobalSection
	GlobalSection(ExtensibilityGlobals) = postSolution
		SolutionGuid = {A81E6643-FDA3-4791-A11A-1D5529884E88}
	EndGlobalSection
EndGlobal
